// !$*UTF8*$!
{
	archiveVersion = 1;
	classes = {
	};
	objectVersion = 56;
	objects = {

/* Begin PBXBuildFile section */
		24238BD6C48F58E732768639 /* Pods_iquran_iquranUITests.framework in Frameworks */ = {isa = PBXBuildFile; fileRef = 26DB36905B1E46FDBD66C424 /* Pods_iquran_iquranUITests.framework */; };
		4E44FB5D2B9D591F00AF3BF7 /* Apis.swift in Sources */ = {isa = PBXBuildFile; fileRef = 4E44FB5C2B9D591F00AF3BF7 /* Apis.swift */; };
		4E44FB602B9D61DD00AF3BF7 /* UtilsExtension.swift in Sources */ = {isa = PBXBuildFile; fileRef = 4E44FB5F2B9D61DD00AF3BF7 /* UtilsExtension.swift */; };
		4E44FB662B9D7DDE00AF3BF7 /* CHeaderTitle.swift in Sources */ = {isa = PBXBuildFile; fileRef = 4E44FB652B9D7DDE00AF3BF7 /* CHeaderTitle.swift */; };
		4E44FB682B9DA18B00AF3BF7 /* MainDisplayer.swift in Sources */ = {isa = PBXBuildFile; fileRef = 4E44FB672B9DA18B00AF3BF7 /* MainDisplayer.swift */; };
		4EC7A3F32B9CC30200109571 /* AppDelegate.swift in Sources */ = {isa = PBXBuildFile; fileRef = 4EC7A3F22B9CC30200109571 /* AppDelegate.swift */; };
		4EC7A3F72B9CC30200109571 /* ViewController.swift in Sources */ = {isa = PBXBuildFile; fileRef = 4EC7A3F62B9CC30200109571 /* ViewController.swift */; };
		4EC7A3FC2B9CC30300109571 /* Assets.xcassets in Resources */ = {isa = PBXBuildFile; fileRef = 4EC7A3FB2B9CC30300109571 /* Assets.xcassets */; };
		4EC7A3FF2B9CC30300109571 /* Base in Resources */ = {isa = PBXBuildFile; fileRef = 4EC7A3FE2B9CC30300109571 /* Base */; };
		4EC7A40A2B9CC30400109571 /* iquranTests.swift in Sources */ = {isa = PBXBuildFile; fileRef = 4EC7A4092B9CC30400109571 /* iquranTests.swift */; };
		4EC7A4142B9CC30400109571 /* iquranUITests.swift in Sources */ = {isa = PBXBuildFile; fileRef = 4EC7A4132B9CC30400109571 /* iquranUITests.swift */; };
		4EC7A4162B9CC30400109571 /* iquranUITestsLaunchTests.swift in Sources */ = {isa = PBXBuildFile; fileRef = 4EC7A4152B9CC30400109571 /* iquranUITestsLaunchTests.swift */; };
		4EC98CBF2B9EF11600CA41C0 /* MainLv.swift in Sources */ = {isa = PBXBuildFile; fileRef = 4EC98CBE2B9EF11600CA41C0 /* MainLv.swift */; };
		7282D76642930529A0E26B10 /* Pods_iquranTests.framework in Frameworks */ = {isa = PBXBuildFile; fileRef = ACBE94D7DE873996013A4E52 /* Pods_iquranTests.framework */; };
		DF1C6E59F98C89338622B0BA /* Pods_iquran.framework in Frameworks */ = {isa = PBXBuildFile; fileRef = 9959515D19B40CC80C3F0DD0 /* Pods_iquran.framework */; };
/* End PBXBuildFile section */

/* Begin PBXContainerItemProxy section */
		4EC7A4062B9CC30400109571 /* PBXContainerItemProxy */ = {
			isa = PBXContainerItemProxy;
			containerPortal = 4EC7A3E72B9CC30200109571 /* Project object */;
			proxyType = 1;
			remoteGlobalIDString = 4EC7A3EE2B9CC30200109571;
			remoteInfo = iquran;
		};
		4EC7A4102B9CC30400109571 /* PBXContainerItemProxy */ = {
			isa = PBXContainerItemProxy;
			containerPortal = 4EC7A3E72B9CC30200109571 /* Project object */;
			proxyType = 1;
			remoteGlobalIDString = 4EC7A3EE2B9CC30200109571;
			remoteInfo = iquran;
		};
/* End PBXContainerItemProxy section */

/* Begin PBXFileReference section */
		11317F68C13348ACB67ECCFD /* Pods-iquran-iquranUITests.release.xcconfig */ = {isa = PBXFileReference; includeInIndex = 1; lastKnownFileType = text.xcconfig; name = "Pods-iquran-iquranUITests.release.xcconfig"; path = "Target Support Files/Pods-iquran-iquranUITests/Pods-iquran-iquranUITests.release.xcconfig"; sourceTree = "<group>"; };
		26DB36905B1E46FDBD66C424 /* Pods_iquran_iquranUITests.framework */ = {isa = PBXFileReference; explicitFileType = wrapper.framework; includeInIndex = 0; path = Pods_iquran_iquranUITests.framework; sourceTree = BUILT_PRODUCTS_DIR; };
		4E44FB5C2B9D591F00AF3BF7 /* Apis.swift */ = {isa = PBXFileReference; lastKnownFileType = sourcecode.swift; path = Apis.swift; sourceTree = "<group>"; };
		4E44FB5F2B9D61DD00AF3BF7 /* UtilsExtension.swift */ = {isa = PBXFileReference; lastKnownFileType = sourcecode.swift; path = UtilsExtension.swift; sourceTree = "<group>"; };
		4E44FB652B9D7DDE00AF3BF7 /* CHeaderTitle.swift */ = {isa = PBXFileReference; lastKnownFileType = sourcecode.swift; path = CHeaderTitle.swift; sourceTree = "<group>"; };
		4E44FB672B9DA18B00AF3BF7 /* MainDisplayer.swift */ = {isa = PBXFileReference; lastKnownFileType = sourcecode.swift; path = MainDisplayer.swift; sourceTree = "<group>"; };
		4EC7A3EF2B9CC30200109571 /* iquran.app */ = {isa = PBXFileReference; explicitFileType = wrapper.application; includeInIndex = 0; path = iquran.app; sourceTree = BUILT_PRODUCTS_DIR; };
		4EC7A3F22B9CC30200109571 /* AppDelegate.swift */ = {isa = PBXFileReference; lastKnownFileType = sourcecode.swift; path = AppDelegate.swift; sourceTree = "<group>"; };
		4EC7A3F62B9CC30200109571 /* ViewController.swift */ = {isa = PBXFileReference; lastKnownFileType = sourcecode.swift; path = ViewController.swift; sourceTree = "<group>"; };
		4EC7A3FB2B9CC30300109571 /* Assets.xcassets */ = {isa = PBXFileReference; lastKnownFileType = folder.assetcatalog; path = Assets.xcassets; sourceTree = "<group>"; };
		4EC7A3FE2B9CC30300109571 /* Base */ = {isa = PBXFileReference; lastKnownFileType = file.storyboard; name = Base; path = Base.lproj/LaunchScreen.storyboard; sourceTree = "<group>"; };
		4EC7A4002B9CC30300109571 /* Info.plist */ = {isa = PBXFileReference; lastKnownFileType = text.plist.xml; path = Info.plist; sourceTree = "<group>"; };
		4EC7A4052B9CC30400109571 /* iquranTests.xctest */ = {isa = PBXFileReference; explicitFileType = wrapper.cfbundle; includeInIndex = 0; path = iquranTests.xctest; sourceTree = BUILT_PRODUCTS_DIR; };
		4EC7A4092B9CC30400109571 /* iquranTests.swift */ = {isa = PBXFileReference; lastKnownFileType = sourcecode.swift; path = iquranTests.swift; sourceTree = "<group>"; };
		4EC7A40F2B9CC30400109571 /* iquranUITests.xctest */ = {isa = PBXFileReference; explicitFileType = wrapper.cfbundle; includeInIndex = 0; path = iquranUITests.xctest; sourceTree = BUILT_PRODUCTS_DIR; };
		4EC7A4132B9CC30400109571 /* iquranUITests.swift */ = {isa = PBXFileReference; lastKnownFileType = sourcecode.swift; path = iquranUITests.swift; sourceTree = "<group>"; };
		4EC7A4152B9CC30400109571 /* iquranUITestsLaunchTests.swift */ = {isa = PBXFileReference; lastKnownFileType = sourcecode.swift; path = iquranUITestsLaunchTests.swift; sourceTree = "<group>"; };
		4EC98CBE2B9EF11600CA41C0 /* MainLv.swift */ = {isa = PBXFileReference; lastKnownFileType = sourcecode.swift; path = MainLv.swift; sourceTree = "<group>"; };
		57243DA602B4B8FCDDDD8BDF /* Pods-iquranTests.release.xcconfig */ = {isa = PBXFileReference; includeInIndex = 1; lastKnownFileType = text.xcconfig; name = "Pods-iquranTests.release.xcconfig"; path = "Target Support Files/Pods-iquranTests/Pods-iquranTests.release.xcconfig"; sourceTree = "<group>"; };
		643E6A93214B7CB8463F7498 /* Pods-iquran.release.xcconfig */ = {isa = PBXFileReference; includeInIndex = 1; lastKnownFileType = text.xcconfig; name = "Pods-iquran.release.xcconfig"; path = "Target Support Files/Pods-iquran/Pods-iquran.release.xcconfig"; sourceTree = "<group>"; };
		67D82BF2DB16908850E777BE /* Pods-iquran-iquranUITests.debug.xcconfig */ = {isa = PBXFileReference; includeInIndex = 1; lastKnownFileType = text.xcconfig; name = "Pods-iquran-iquranUITests.debug.xcconfig"; path = "Target Support Files/Pods-iquran-iquranUITests/Pods-iquran-iquranUITests.debug.xcconfig"; sourceTree = "<group>"; };
		86F2E9DC36CFB364B95D7452 /* Pods-iquranTests.debug.xcconfig */ = {isa = PBXFileReference; includeInIndex = 1; lastKnownFileType = text.xcconfig; name = "Pods-iquranTests.debug.xcconfig"; path = "Target Support Files/Pods-iquranTests/Pods-iquranTests.debug.xcconfig"; sourceTree = "<group>"; };
		9959515D19B40CC80C3F0DD0 /* Pods_iquran.framework */ = {isa = PBXFileReference; explicitFileType = wrapper.framework; includeInIndex = 0; path = Pods_iquran.framework; sourceTree = BUILT_PRODUCTS_DIR; };
		A141AD41CEECB80CDFF902AA /* Pods-iquran.debug.xcconfig */ = {isa = PBXFileReference; includeInIndex = 1; lastKnownFileType = text.xcconfig; name = "Pods-iquran.debug.xcconfig"; path = "Target Support Files/Pods-iquran/Pods-iquran.debug.xcconfig"; sourceTree = "<group>"; };
		ACBE94D7DE873996013A4E52 /* Pods_iquranTests.framework */ = {isa = PBXFileReference; explicitFileType = wrapper.framework; includeInIndex = 0; path = Pods_iquranTests.framework; sourceTree = BUILT_PRODUCTS_DIR; };
/* End PBXFileReference section */

/* Begin PBXFrameworksBuildPhase section */
		4EC7A3EC2B9CC30200109571 /* Frameworks */ = {
			isa = PBXFrameworksBuildPhase;
			buildActionMask = 2147483647;
			files = (
				DF1C6E59F98C89338622B0BA /* Pods_iquran.framework in Frameworks */,
			);
			runOnlyForDeploymentPostprocessing = 0;
		};
		4EC7A4022B9CC30400109571 /* Frameworks */ = {
			isa = PBXFrameworksBuildPhase;
			buildActionMask = 2147483647;
			files = (
				7282D76642930529A0E26B10 /* Pods_iquranTests.framework in Frameworks */,
			);
			runOnlyForDeploymentPostprocessing = 0;
		};
		4EC7A40C2B9CC30400109571 /* Frameworks */ = {
			isa = PBXFrameworksBuildPhase;
			buildActionMask = 2147483647;
			files = (
				24238BD6C48F58E732768639 /* Pods_iquran_iquranUITests.framework in Frameworks */,
			);
			runOnlyForDeploymentPostprocessing = 0;
		};
/* End PBXFrameworksBuildPhase section */

/* Begin PBXGroup section */
		45CFFFDB2161ABE37BF07FEE /* Pods */ = {
			isa = PBXGroup;
			children = (
				A141AD41CEECB80CDFF902AA /* Pods-iquran.debug.xcconfig */,
				643E6A93214B7CB8463F7498 /* Pods-iquran.release.xcconfig */,
				67D82BF2DB16908850E777BE /* Pods-iquran-iquranUITests.debug.xcconfig */,
				11317F68C13348ACB67ECCFD /* Pods-iquran-iquranUITests.release.xcconfig */,
				86F2E9DC36CFB364B95D7452 /* Pods-iquranTests.debug.xcconfig */,
				57243DA602B4B8FCDDDD8BDF /* Pods-iquranTests.release.xcconfig */,
			);
			path = Pods;
			sourceTree = "<group>";
		};
		4E3CA44C2B9CCA3500577111 /* Screens */ = {
			isa = PBXGroup;
			children = (
				4E44FB612B9D6CD000AF3BF7 /* DetailSurat */,
				4E3CA4542B9CCB1F00577111 /* Main */,
			);
			path = Screens;
			sourceTree = "<group>";
		};
		4E3CA44D2B9CCA5800577111 /* Usecases */ = {
			isa = PBXGroup;
			children = (
			);
			path = Usecases;
			sourceTree = "<group>";
		};
		4E3CA44E2B9CCA6400577111 /* Request */ = {
			isa = PBXGroup;
			children = (
			);
			path = Request;
			sourceTree = "<group>";
		};
		4E3CA44F2B9CCA6B00577111 /* Services */ = {
			isa = PBXGroup;
			children = (
			);
			path = Services;
			sourceTree = "<group>";
		};
		4E3CA4502B9CCA7C00577111 /* Models */ = {
			isa = PBXGroup;
			children = (
				4E3CA4522B9CCA8D00577111 /* Response */,
				4E3CA4512B9CCA8700577111 /* Request */,
			);
			path = Models;
			sourceTree = "<group>";
		};
		4E3CA4512B9CCA8700577111 /* Request */ = {
			isa = PBXGroup;
			children = (
			);
			path = Request;
			sourceTree = "<group>";
		};
		4E3CA4522B9CCA8D00577111 /* Response */ = {
			isa = PBXGroup;
			children = (
			);
			path = Response;
			sourceTree = "<group>";
		};
		4E3CA4532B9CCADB00577111 /* Apis */ = {
			isa = PBXGroup;
			children = (
				4E3CA44E2B9CCA6400577111 /* Request */,
				4E3CA4502B9CCA7C00577111 /* Models */,
				4E3CA44F2B9CCA6B00577111 /* Services */,
				4E44FB5C2B9D591F00AF3BF7 /* Apis.swift */,
			);
			path = Apis;
			sourceTree = "<group>";
		};
		4E3CA4542B9CCB1F00577111 /* Main */ = {
			isa = PBXGroup;
			children = (
				4E44FB622B9D706300AF3BF7 /* Components */,
				4EC7A3F62B9CC30200109571 /* ViewController.swift */,
			);
			path = Main;
			sourceTree = "<group>";
		};
		4E44FB5E2B9D61C300AF3BF7 /* Utils */ = {
			isa = PBXGroup;
			children = (
				4E44FB5F2B9D61DD00AF3BF7 /* UtilsExtension.swift */,
			);
			path = Utils;
			sourceTree = "<group>";
		};
		4E44FB612B9D6CD000AF3BF7 /* DetailSurat */ = {
			isa = PBXGroup;
			children = (
			);
			path = DetailSurat;
			sourceTree = "<group>";
		};
		4E44FB622B9D706300AF3BF7 /* Components */ = {
			isa = PBXGroup;
			children = (
				4E44FB672B9DA18B00AF3BF7 /* MainDisplayer.swift */,
				4EC98CBE2B9EF11600CA41C0 /* MainLv.swift */,
			);
			path = Components;
			sourceTree = "<group>";
		};
		4E44FB632B9D7DB600AF3BF7 /* Components */ = {
			isa = PBXGroup;
			children = (
				4E44FB642B9D7DBF00AF3BF7 /* CHeaderTitle */,
			);
			path = Components;
			sourceTree = "<group>";
		};
		4E44FB642B9D7DBF00AF3BF7 /* CHeaderTitle */ = {
			isa = PBXGroup;
			children = (
				4E44FB652B9D7DDE00AF3BF7 /* CHeaderTitle.swift */,
			);
			path = CHeaderTitle;
			sourceTree = "<group>";
		};
		4EC7A3E62B9CC30200109571 = {
			isa = PBXGroup;
			children = (
				4EC7A3F12B9CC30200109571 /* iquran */,
				4EC7A4082B9CC30400109571 /* iquranTests */,
				4EC7A4122B9CC30400109571 /* iquranUITests */,
				4EC7A3F02B9CC30200109571 /* Products */,
				45CFFFDB2161ABE37BF07FEE /* Pods */,
				A9715FACC7A0F1884ACC7A4D /* Frameworks */,
			);
			sourceTree = "<group>";
		};
		4EC7A3F02B9CC30200109571 /* Products */ = {
			isa = PBXGroup;
			children = (
				4EC7A3EF2B9CC30200109571 /* iquran.app */,
				4EC7A4052B9CC30400109571 /* iquranTests.xctest */,
				4EC7A40F2B9CC30400109571 /* iquranUITests.xctest */,
			);
			name = Products;
			sourceTree = "<group>";
		};
		4EC7A3F12B9CC30200109571 /* iquran */ = {
			isa = PBXGroup;
			children = (
				4E44FB632B9D7DB600AF3BF7 /* Components */,
				4E44FB5E2B9D61C300AF3BF7 /* Utils */,
				4E3CA4532B9CCADB00577111 /* Apis */,
				4E3CA44D2B9CCA5800577111 /* Usecases */,
				4E3CA44C2B9CCA3500577111 /* Screens */,
				4EC7A3F22B9CC30200109571 /* AppDelegate.swift */,
				4EC7A3FB2B9CC30300109571 /* Assets.xcassets */,
				4EC7A3FD2B9CC30300109571 /* LaunchScreen.storyboard */,
				4EC7A4002B9CC30300109571 /* Info.plist */,
			);
			path = iquran;
			sourceTree = "<group>";
		};
		4EC7A4082B9CC30400109571 /* iquranTests */ = {
			isa = PBXGroup;
			children = (
				4EC7A4092B9CC30400109571 /* iquranTests.swift */,
			);
			path = iquranTests;
			sourceTree = "<group>";
		};
		4EC7A4122B9CC30400109571 /* iquranUITests */ = {
			isa = PBXGroup;
			children = (
				4EC7A4132B9CC30400109571 /* iquranUITests.swift */,
				4EC7A4152B9CC30400109571 /* iquranUITestsLaunchTests.swift */,
			);
			path = iquranUITests;
			sourceTree = "<group>";
		};
		A9715FACC7A0F1884ACC7A4D /* Frameworks */ = {
			isa = PBXGroup;
			children = (
				9959515D19B40CC80C3F0DD0 /* Pods_iquran.framework */,
				26DB36905B1E46FDBD66C424 /* Pods_iquran_iquranUITests.framework */,
				ACBE94D7DE873996013A4E52 /* Pods_iquranTests.framework */,
			);
			name = Frameworks;
			sourceTree = "<group>";
		};
/* End PBXGroup section */

/* Begin PBXNativeTarget section */
		4EC7A3EE2B9CC30200109571 /* iquran */ = {
			isa = PBXNativeTarget;
			buildConfigurationList = 4EC7A4192B9CC30400109571 /* Build configuration list for PBXNativeTarget "iquran" */;
			buildPhases = (
				5A620197C113781760560B53 /* [CP] Check Pods Manifest.lock */,
				4EC7A3EB2B9CC30200109571 /* Sources */,
				4EC7A3EC2B9CC30200109571 /* Frameworks */,
				4EC7A3ED2B9CC30200109571 /* Resources */,
				D30FBC3EC524F54F24BEB74C /* [CP] Embed Pods Frameworks */,
			);
			buildRules = (
			);
			dependencies = (
			);
			name = iquran;
			productName = iquran;
			productReference = 4EC7A3EF2B9CC30200109571 /* iquran.app */;
			productType = "com.apple.product-type.application";
		};
		4EC7A4042B9CC30400109571 /* iquranTests */ = {
			isa = PBXNativeTarget;
			buildConfigurationList = 4EC7A41C2B9CC30400109571 /* Build configuration list for PBXNativeTarget "iquranTests" */;
			buildPhases = (
				A0CD510F093A40057A283DAF /* [CP] Check Pods Manifest.lock */,
				4EC7A4012B9CC30400109571 /* Sources */,
				4EC7A4022B9CC30400109571 /* Frameworks */,
				4EC7A4032B9CC30400109571 /* Resources */,
			);
			buildRules = (
			);
			dependencies = (
				4EC7A4072B9CC30400109571 /* PBXTargetDependency */,
			);
			name = iquranTests;
			productName = iquranTests;
			productReference = 4EC7A4052B9CC30400109571 /* iquranTests.xctest */;
			productType = "com.apple.product-type.bundle.unit-test";
		};
		4EC7A40E2B9CC30400109571 /* iquranUITests */ = {
			isa = PBXNativeTarget;
			buildConfigurationList = 4EC7A41F2B9CC30400109571 /* Build configuration list for PBXNativeTarget "iquranUITests" */;
			buildPhases = (
				03FCF154F2DA501FA4D94811 /* [CP] Check Pods Manifest.lock */,
				4EC7A40B2B9CC30400109571 /* Sources */,
				4EC7A40C2B9CC30400109571 /* Frameworks */,
				4EC7A40D2B9CC30400109571 /* Resources */,
				49A4A82E959E31438125E2A8 /* [CP] Embed Pods Frameworks */,
			);
			buildRules = (
			);
			dependencies = (
				4EC7A4112B9CC30400109571 /* PBXTargetDependency */,
			);
			name = iquranUITests;
			productName = iquranUITests;
			productReference = 4EC7A40F2B9CC30400109571 /* iquranUITests.xctest */;
			productType = "com.apple.product-type.bundle.ui-testing";
		};
/* End PBXNativeTarget section */

/* Begin PBXProject section */
		4EC7A3E72B9CC30200109571 /* Project object */ = {
			isa = PBXProject;
			attributes = {
				BuildIndependentTargetsInParallel = 1;
				LastSwiftUpdateCheck = 1530;
				LastUpgradeCheck = 1530;
				TargetAttributes = {
					4EC7A3EE2B9CC30200109571 = {
						CreatedOnToolsVersion = 15.3;
					};
					4EC7A4042B9CC30400109571 = {
						CreatedOnToolsVersion = 15.3;
						TestTargetID = 4EC7A3EE2B9CC30200109571;
					};
					4EC7A40E2B9CC30400109571 = {
						CreatedOnToolsVersion = 15.3;
						TestTargetID = 4EC7A3EE2B9CC30200109571;
					};
				};
			};
			buildConfigurationList = 4EC7A3EA2B9CC30200109571 /* Build configuration list for PBXProject "iquran" */;
			compatibilityVersion = "Xcode 14.0";
			developmentRegion = en;
			hasScannedForEncodings = 0;
			knownRegions = (
				en,
				Base,
			);
			mainGroup = 4EC7A3E62B9CC30200109571;
			productRefGroup = 4EC7A3F02B9CC30200109571 /* Products */;
			projectDirPath = "";
			projectRoot = "";
			targets = (
				4EC7A3EE2B9CC30200109571 /* iquran */,
				4EC7A4042B9CC30400109571 /* iquranTests */,
				4EC7A40E2B9CC30400109571 /* iquranUITests */,
			);
		};
/* End PBXProject section */

/* Begin PBXResourcesBuildPhase section */
		4EC7A3ED2B9CC30200109571 /* Resources */ = {
			isa = PBXResourcesBuildPhase;
			buildActionMask = 2147483647;
			files = (
				4EC7A3FC2B9CC30300109571 /* Assets.xcassets in Resources */,
				4EC7A3FF2B9CC30300109571 /* Base in Resources */,
			);
			runOnlyForDeploymentPostprocessing = 0;
		};
		4EC7A4032B9CC30400109571 /* Resources */ = {
			isa = PBXResourcesBuildPhase;
			buildActionMask = 2147483647;
			files = (
			);
			runOnlyForDeploymentPostprocessing = 0;
		};
		4EC7A40D2B9CC30400109571 /* Resources */ = {
			isa = PBXResourcesBuildPhase;
			buildActionMask = 2147483647;
			files = (
			);
			runOnlyForDeploymentPostprocessing = 0;
		};
/* End PBXResourcesBuildPhase section */

/* Begin PBXShellScriptBuildPhase section */
		03FCF154F2DA501FA4D94811 /* [CP] Check Pods Manifest.lock */ = {
			isa = PBXShellScriptBuildPhase;
			buildActionMask = 2147483647;
			files = (
			);
			inputFileListPaths = (
			);
			inputPaths = (
				"${PODS_PODFILE_DIR_PATH}/Podfile.lock",
				"${PODS_ROOT}/Manifest.lock",
			);
			name = "[CP] Check Pods Manifest.lock";
			outputFileListPaths = (
			);
			outputPaths = (
				"$(DERIVED_FILE_DIR)/Pods-iquran-iquranUITests-checkManifestLockResult.txt",
			);
			runOnlyForDeploymentPostprocessing = 0;
			shellPath = /bin/sh;
			shellScript = "diff \"${PODS_PODFILE_DIR_PATH}/Podfile.lock\" \"${PODS_ROOT}/Manifest.lock\" > /dev/null\nif [ $? != 0 ] ; then\n    # print error to STDERR\n    echo \"error: The sandbox is not in sync with the Podfile.lock. Run 'pod install' or update your CocoaPods installation.\" >&2\n    exit 1\nfi\n# This output is used by Xcode 'outputs' to avoid re-running this script phase.\necho \"SUCCESS\" > \"${SCRIPT_OUTPUT_FILE_0}\"\n";
			showEnvVarsInLog = 0;
		};
		49A4A82E959E31438125E2A8 /* [CP] Embed Pods Frameworks */ = {
			isa = PBXShellScriptBuildPhase;
			buildActionMask = 2147483647;
			files = (
			);
			inputFileListPaths = (
				"${PODS_ROOT}/Target Support Files/Pods-iquran-iquranUITests/Pods-iquran-iquranUITests-frameworks-${CONFIGURATION}-input-files.xcfilelist",
			);
			name = "[CP] Embed Pods Frameworks";
			outputFileListPaths = (
				"${PODS_ROOT}/Target Support Files/Pods-iquran-iquranUITests/Pods-iquran-iquranUITests-frameworks-${CONFIGURATION}-output-files.xcfilelist",
			);
			runOnlyForDeploymentPostprocessing = 0;
			shellPath = /bin/sh;
			shellScript = "\"${PODS_ROOT}/Target Support Files/Pods-iquran-iquranUITests/Pods-iquran-iquranUITests-frameworks.sh\"\n";
			showEnvVarsInLog = 0;
		};
		5A620197C113781760560B53 /* [CP] Check Pods Manifest.lock */ = {
			isa = PBXShellScriptBuildPhase;
			buildActionMask = 2147483647;
			files = (
			);
			inputFileListPaths = (
			);
			inputPaths = (
				"${PODS_PODFILE_DIR_PATH}/Podfile.lock",
				"${PODS_ROOT}/Manifest.lock",
			);
			name = "[CP] Check Pods Manifest.lock";
			outputFileListPaths = (
			);
			outputPaths = (
				"$(DERIVED_FILE_DIR)/Pods-iquran-checkManifestLockResult.txt",
			);
			runOnlyForDeploymentPostprocessing = 0;
			shellPath = /bin/sh;
			shellScript = "diff \"${PODS_PODFILE_DIR_PATH}/Podfile.lock\" \"${PODS_ROOT}/Manifest.lock\" > /dev/null\nif [ $? != 0 ] ; then\n    # print error to STDERR\n    echo \"error: The sandbox is not in sync with the Podfile.lock. Run 'pod install' or update your CocoaPods installation.\" >&2\n    exit 1\nfi\n# This output is used by Xcode 'outputs' to avoid re-running this script phase.\necho \"SUCCESS\" > \"${SCRIPT_OUTPUT_FILE_0}\"\n";
			showEnvVarsInLog = 0;
		};
		A0CD510F093A40057A283DAF /* [CP] Check Pods Manifest.lock */ = {
			isa = PBXShellScriptBuildPhase;
			buildActionMask = 2147483647;
			files = (
			);
			inputFileListPaths = (
			);
			inputPaths = (
				"${PODS_PODFILE_DIR_PATH}/Podfile.lock",
				"${PODS_ROOT}/Manifest.lock",
			);
			name = "[CP] Check Pods Manifest.lock";
			outputFileListPaths = (
			);
			outputPaths = (
				"$(DERIVED_FILE_DIR)/Pods-iquranTests-checkManifestLockResult.txt",
			);
			runOnlyForDeploymentPostprocessing = 0;
			shellPath = /bin/sh;
			shellScript = "diff \"${PODS_PODFILE_DIR_PATH}/Podfile.lock\" \"${PODS_ROOT}/Manifest.lock\" > /dev/null\nif [ $? != 0 ] ; then\n    # print error to STDERR\n    echo \"error: The sandbox is not in sync with the Podfile.lock. Run 'pod install' or update your CocoaPods installation.\" >&2\n    exit 1\nfi\n# This output is used by Xcode 'outputs' to avoid re-running this script phase.\necho \"SUCCESS\" > \"${SCRIPT_OUTPUT_FILE_0}\"\n";
			showEnvVarsInLog = 0;
		};
		D30FBC3EC524F54F24BEB74C /* [CP] Embed Pods Frameworks */ = {
			isa = PBXShellScriptBuildPhase;
			buildActionMask = 2147483647;
			files = (
			);
			inputFileListPaths = (
				"${PODS_ROOT}/Target Support Files/Pods-iquran/Pods-iquran-frameworks-${CONFIGURATION}-input-files.xcfilelist",
			);
			name = "[CP] Embed Pods Frameworks";
			outputFileListPaths = (
				"${PODS_ROOT}/Target Support Files/Pods-iquran/Pods-iquran-frameworks-${CONFIGURATION}-output-files.xcfilelist",
			);
			runOnlyForDeploymentPostprocessing = 0;
			shellPath = /bin/sh;
			shellScript = "\"${PODS_ROOT}/Target Support Files/Pods-iquran/Pods-iquran-frameworks.sh\"\n";
			showEnvVarsInLog = 0;
		};
/* End PBXShellScriptBuildPhase section */

/* Begin PBXSourcesBuildPhase section */
		4EC7A3EB2B9CC30200109571 /* Sources */ = {
			isa = PBXSourcesBuildPhase;
			buildActionMask = 2147483647;
			files = (
				4E44FB662B9D7DDE00AF3BF7 /* CHeaderTitle.swift in Sources */,
				4EC98CBF2B9EF11600CA41C0 /* MainLv.swift in Sources */,
				4E44FB5D2B9D591F00AF3BF7 /* Apis.swift in Sources */,
				4E44FB682B9DA18B00AF3BF7 /* MainDisplayer.swift in Sources */,
				4EC7A3F72B9CC30200109571 /* ViewController.swift in Sources */,
				4E44FB602B9D61DD00AF3BF7 /* UtilsExtension.swift in Sources */,
				4EC7A3F32B9CC30200109571 /* AppDelegate.swift in Sources */,
			);
			runOnlyForDeploymentPostprocessing = 0;
		};
		4EC7A4012B9CC30400109571 /* Sources */ = {
			isa = PBXSourcesBuildPhase;
			buildActionMask = 2147483647;
			files = (
				4EC7A40A2B9CC30400109571 /* iquranTests.swift in Sources */,
			);
			runOnlyForDeploymentPostprocessing = 0;
		};
		4EC7A40B2B9CC30400109571 /* Sources */ = {
			isa = PBXSourcesBuildPhase;
			buildActionMask = 2147483647;
			files = (
				4EC7A4162B9CC30400109571 /* iquranUITestsLaunchTests.swift in Sources */,
				4EC7A4142B9CC30400109571 /* iquranUITests.swift in Sources */,
			);
			runOnlyForDeploymentPostprocessing = 0;
		};
/* End PBXSourcesBuildPhase section */

/* Begin PBXTargetDependency section */
		4EC7A4072B9CC30400109571 /* PBXTargetDependency */ = {
			isa = PBXTargetDependency;
			target = 4EC7A3EE2B9CC30200109571 /* iquran */;
			targetProxy = 4EC7A4062B9CC30400109571 /* PBXContainerItemProxy */;
		};
		4EC7A4112B9CC30400109571 /* PBXTargetDependency */ = {
			isa = PBXTargetDependency;
			target = 4EC7A3EE2B9CC30200109571 /* iquran */;
			targetProxy = 4EC7A4102B9CC30400109571 /* PBXContainerItemProxy */;
		};
/* End PBXTargetDependency section */

/* Begin PBXVariantGroup section */
		4EC7A3FD2B9CC30300109571 /* LaunchScreen.storyboard */ = {
			isa = PBXVariantGroup;
			children = (
				4EC7A3FE2B9CC30300109571 /* Base */,
			);
			name = LaunchScreen.storyboard;
			sourceTree = "<group>";
		};
/* End PBXVariantGroup section */

/* Begin XCBuildConfiguration section */
		4EC7A4172B9CC30400109571 /* Debug */ = {
			isa = XCBuildConfiguration;
			buildSettings = {
				ALWAYS_SEARCH_USER_PATHS = NO;
				ASSETCATALOG_COMPILER_GENERATE_SWIFT_ASSET_SYMBOL_EXTENSIONS = YES;
				CLANG_ANALYZER_NONNULL = YES;
				CLANG_ANALYZER_NUMBER_OBJECT_CONVERSION = YES_AGGRESSIVE;
				CLANG_CXX_LANGUAGE_STANDARD = "gnu++20";
				CLANG_ENABLE_MODULES = YES;
				CLANG_ENABLE_OBJC_ARC = YES;
				CLANG_ENABLE_OBJC_WEAK = YES;
				CLANG_WARN_BLOCK_CAPTURE_AUTORELEASING = YES;
				CLANG_WARN_BOOL_CONVERSION = YES;
				CLANG_WARN_COMMA = YES;
				CLANG_WARN_CONSTANT_CONVERSION = YES;
				CLANG_WARN_DEPRECATED_OBJC_IMPLEMENTATIONS = YES;
				CLANG_WARN_DIRECT_OBJC_ISA_USAGE = YES_ERROR;
				CLANG_WARN_DOCUMENTATION_COMMENTS = YES;
				CLANG_WARN_EMPTY_BODY = YES;
				CLANG_WARN_ENUM_CONVERSION = YES;
				CLANG_WARN_INFINITE_RECURSION = YES;
				CLANG_WARN_INT_CONVERSION = YES;
				CLANG_WARN_NON_LITERAL_NULL_CONVERSION = YES;
				CLANG_WARN_OBJC_IMPLICIT_RETAIN_SELF = YES;
				CLANG_WARN_OBJC_LITERAL_CONVERSION = YES;
				CLANG_WARN_OBJC_ROOT_CLASS = YES_ERROR;
				CLANG_WARN_QUOTED_INCLUDE_IN_FRAMEWORK_HEADER = YES;
				CLANG_WARN_RANGE_LOOP_ANALYSIS = YES;
				CLANG_WARN_STRICT_PROTOTYPES = YES;
				CLANG_WARN_SUSPICIOUS_MOVE = YES;
				CLANG_WARN_UNGUARDED_AVAILABILITY = YES_AGGRESSIVE;
				CLANG_WARN_UNREACHABLE_CODE = YES;
				CLANG_WARN__DUPLICATE_METHOD_MATCH = YES;
				COPY_PHASE_STRIP = NO;
				DEBUG_INFORMATION_FORMAT = dwarf;
				ENABLE_STRICT_OBJC_MSGSEND = YES;
				ENABLE_TESTABILITY = YES;
				ENABLE_USER_SCRIPT_SANDBOXING = NO;
				GCC_C_LANGUAGE_STANDARD = gnu17;
				GCC_DYNAMIC_NO_PIC = NO;
				GCC_NO_COMMON_BLOCKS = YES;
				GCC_OPTIMIZATION_LEVEL = 0;
				GCC_PREPROCESSOR_DEFINITIONS = (
					"DEBUG=1",
					"$(inherited)",
				);
				GCC_WARN_64_TO_32_BIT_CONVERSION = YES;
				GCC_WARN_ABOUT_RETURN_TYPE = YES_ERROR;
				GCC_WARN_UNDECLARED_SELECTOR = YES;
				GCC_WARN_UNINITIALIZED_AUTOS = YES_AGGRESSIVE;
				GCC_WARN_UNUSED_FUNCTION = YES;
				GCC_WARN_UNUSED_VARIABLE = YES;
				IPHONEOS_DEPLOYMENT_TARGET = 15.0;
				LOCALIZATION_PREFERS_STRING_CATALOGS = YES;
				MTL_ENABLE_DEBUG_INFO = INCLUDE_SOURCE;
				MTL_FAST_MATH = YES;
				ONLY_ACTIVE_ARCH = YES;
				SDKROOT = iphoneos;
				SWIFT_ACTIVE_COMPILATION_CONDITIONS = "DEBUG $(inherited)";
				SWIFT_OPTIMIZATION_LEVEL = "-Onone";
			};
			name = Debug;
		};
		4EC7A4182B9CC30400109571 /* Release */ = {
			isa = XCBuildConfiguration;
			buildSettings = {
				ALWAYS_SEARCH_USER_PATHS = NO;
				ASSETCATALOG_COMPILER_GENERATE_SWIFT_ASSET_SYMBOL_EXTENSIONS = YES;
				CLANG_ANALYZER_NONNULL = YES;
				CLANG_ANALYZER_NUMBER_OBJECT_CONVERSION = YES_AGGRESSIVE;
				CLANG_CXX_LANGUAGE_STANDARD = "gnu++20";
				CLANG_ENABLE_MODULES = YES;
				CLANG_ENABLE_OBJC_ARC = YES;
				CLANG_ENABLE_OBJC_WEAK = YES;
				CLANG_WARN_BLOCK_CAPTURE_AUTORELEASING = YES;
				CLANG_WARN_BOOL_CONVERSION = YES;
				CLANG_WARN_COMMA = YES;
				CLANG_WARN_CONSTANT_CONVERSION = YES;
				CLANG_WARN_DEPRECATED_OBJC_IMPLEMENTATIONS = YES;
				CLANG_WARN_DIRECT_OBJC_ISA_USAGE = YES_ERROR;
				CLANG_WARN_DOCUMENTATION_COMMENTS = YES;
				CLANG_WARN_EMPTY_BODY = YES;
				CLANG_WARN_ENUM_CONVERSION = YES;
				CLANG_WARN_INFINITE_RECURSION = YES;
				CLANG_WARN_INT_CONVERSION = YES;
				CLANG_WARN_NON_LITERAL_NULL_CONVERSION = YES;
				CLANG_WARN_OBJC_IMPLICIT_RETAIN_SELF = YES;
				CLANG_WARN_OBJC_LITERAL_CONVERSION = YES;
				CLANG_WARN_OBJC_ROOT_CLASS = YES_ERROR;
				CLANG_WARN_QUOTED_INCLUDE_IN_FRAMEWORK_HEADER = YES;
				CLANG_WARN_RANGE_LOOP_ANALYSIS = YES;
				CLANG_WARN_STRICT_PROTOTYPES = YES;
				CLANG_WARN_SUSPICIOUS_MOVE = YES;
				CLANG_WARN_UNGUARDED_AVAILABILITY = YES_AGGRESSIVE;
				CLANG_WARN_UNREACHABLE_CODE = YES;
				CLANG_WARN__DUPLICATE_METHOD_MATCH = YES;
				COPY_PHASE_STRIP = NO;
				DEBUG_INFORMATION_FORMAT = "dwarf-with-dsym";
				ENABLE_NS_ASSERTIONS = NO;
				ENABLE_STRICT_OBJC_MSGSEND = YES;
				ENABLE_USER_SCRIPT_SANDBOXING = NO;
				GCC_C_LANGUAGE_STANDARD = gnu17;
				GCC_NO_COMMON_BLOCKS = YES;
				GCC_WARN_64_TO_32_BIT_CONVERSION = YES;
				GCC_WARN_ABOUT_RETURN_TYPE = YES_ERROR;
				GCC_WARN_UNDECLARED_SELECTOR = YES;
				GCC_WARN_UNINITIALIZED_AUTOS = YES_AGGRESSIVE;
				GCC_WARN_UNUSED_FUNCTION = YES;
				GCC_WARN_UNUSED_VARIABLE = YES;
				IPHONEOS_DEPLOYMENT_TARGET = 15.0;
				LOCALIZATION_PREFERS_STRING_CATALOGS = YES;
				MTL_ENABLE_DEBUG_INFO = NO;
				MTL_FAST_MATH = YES;
				SDKROOT = iphoneos;
				SWIFT_COMPILATION_MODE = wholemodule;
				VALIDATE_PRODUCT = YES;
			};
			name = Release;
		};
		4EC7A41A2B9CC30400109571 /* Debug */ = {
			isa = XCBuildConfiguration;
			baseConfigurationReference = A141AD41CEECB80CDFF902AA /* Pods-iquran.debug.xcconfig */;
			buildSettings = {
				ASSETCATALOG_COMPILER_APPICON_NAME = AppIcon;
				ASSETCATALOG_COMPILER_GLOBAL_ACCENT_COLOR_NAME = AccentColor;
				CODE_SIGN_STYLE = Automatic;
				CURRENT_PROJECT_VERSION = 1;
				DEVELOPMENT_TEAM = 276H2F73WL;
				GENERATE_INFOPLIST_FILE = YES;
				INFOPLIST_FILE = iquran/Info.plist;
				INFOPLIST_KEY_CFBundleDisplayName = iquran;
				INFOPLIST_KEY_LSApplicationCategoryType = "public.app-category.books";
				INFOPLIST_KEY_UIApplicationSupportsIndirectInputEvents = YES;
				INFOPLIST_KEY_UILaunchStoryboardName = LaunchScreen;
				INFOPLIST_KEY_UIMainStoryboardFile = "";
				INFOPLIST_KEY_UISupportedInterfaceOrientations = UIInterfaceOrientationPortrait;
				IPHONEOS_DEPLOYMENT_TARGET = 13.0;
				LD_RUNPATH_SEARCH_PATHS = (
					"$(inherited)",
					"@executable_path/Frameworks",
				);
				MARKETING_VERSION = 1.0;
				PRODUCT_BUNDLE_IDENTIFIER = com.nugroho.iquran;
				PRODUCT_NAME = "$(TARGET_NAME)";
				SUPPORTED_PLATFORMS = "iphoneos iphonesimulator";
				SUPPORTS_MACCATALYST = NO;
				SUPPORTS_MAC_DESIGNED_FOR_IPHONE_IPAD = NO;
				SUPPORTS_XR_DESIGNED_FOR_IPHONE_IPAD = NO;
				SWIFT_EMIT_LOC_STRINGS = YES;
				SWIFT_VERSION = 5.0;
				TARGETED_DEVICE_FAMILY = "1,2";
			};
			name = Debug;
		};
		4EC7A41B2B9CC30400109571 /* Release */ = {
			isa = XCBuildConfiguration;
			baseConfigurationReference = 643E6A93214B7CB8463F7498 /* Pods-iquran.release.xcconfig */;
			buildSettings = {
				ASSETCATALOG_COMPILER_APPICON_NAME = AppIcon;
				ASSETCATALOG_COMPILER_GLOBAL_ACCENT_COLOR_NAME = AccentColor;
				CODE_SIGN_STYLE = Automatic;
				CURRENT_PROJECT_VERSION = 1;
				DEVELOPMENT_TEAM = 276H2F73WL;
				GENERATE_INFOPLIST_FILE = YES;
				INFOPLIST_FILE = iquran/Info.plist;
				INFOPLIST_KEY_CFBundleDisplayName = iquran;
				INFOPLIST_KEY_LSApplicationCategoryType = "public.app-category.books";
				INFOPLIST_KEY_UIApplicationSupportsIndirectInputEvents = YES;
				INFOPLIST_KEY_UILaunchStoryboardName = LaunchScreen;
				INFOPLIST_KEY_UIMainStoryboardFile = "";
				INFOPLIST_KEY_UISupportedInterfaceOrientations = UIInterfaceOrientationPortrait;
				IPHONEOS_DEPLOYMENT_TARGET = 13.0;
				LD_RUNPATH_SEARCH_PATHS = (
					"$(inherited)",
					"@executable_path/Frameworks",
				);
				MARKETING_VERSION = 1.0;
				PRODUCT_BUNDLE_IDENTIFIER = com.nugroho.iquran;
				PRODUCT_NAME = "$(TARGET_NAME)";
				SUPPORTED_PLATFORMS = "iphoneos iphonesimulator";
				SUPPORTS_MACCATALYST = NO;
				SUPPORTS_MAC_DESIGNED_FOR_IPHONE_IPAD = NO;
				SUPPORTS_XR_DESIGNED_FOR_IPHONE_IPAD = NO;
				SWIFT_EMIT_LOC_STRINGS = YES;
				SWIFT_VERSION = 5.0;
				TARGETED_DEVICE_FAMILY = "1,2";
			};
			name = Release;
		};
		4EC7A41D2B9CC30400109571 /* Debug */ = {
			isa = XCBuildConfiguration;
			baseConfigurationReference = 86F2E9DC36CFB364B95D7452 /* Pods-iquranTests.debug.xcconfig */;
			buildSettings = {
				ALWAYS_EMBED_SWIFT_STANDARD_LIBRARIES = YES;
				BUNDLE_LOADER = "$(TEST_HOST)";
				CODE_SIGN_STYLE = Automatic;
				CURRENT_PROJECT_VERSION = 1;
				DEVELOPMENT_TEAM = 276H2F73WL;
				GENERATE_INFOPLIST_FILE = YES;
				IPHONEOS_DEPLOYMENT_TARGET = 17.4;
				MARKETING_VERSION = 1.0;
				PRODUCT_BUNDLE_IDENTIFIER = com.nugroho.iquranTests;
				PRODUCT_NAME = "$(TARGET_NAME)";
				SWIFT_EMIT_LOC_STRINGS = NO;
				SWIFT_VERSION = 5.0;
				TARGETED_DEVICE_FAMILY = "1,2";
				TEST_HOST = "$(BUILT_PRODUCTS_DIR)/iquran.app/$(BUNDLE_EXECUTABLE_FOLDER_PATH)/iquran";
			};
			name = Debug;
		};
		4EC7A41E2B9CC30400109571 /* Release */ = {
			isa = XCBuildConfiguration;
			baseConfigurationReference = 57243DA602B4B8FCDDDD8BDF /* Pods-iquranTests.release.xcconfig */;
			buildSettings = {
				ALWAYS_EMBED_SWIFT_STANDARD_LIBRARIES = YES;
				BUNDLE_LOADER = "$(TEST_HOST)";
				CODE_SIGN_STYLE = Automatic;
				CURRENT_PROJECT_VERSION = 1;
				DEVELOPMENT_TEAM = 276H2F73WL;
				GENERATE_INFOPLIST_FILE = YES;
				IPHONEOS_DEPLOYMENT_TARGET = 17.4;
				MARKETING_VERSION = 1.0;
				PRODUCT_BUNDLE_IDENTIFIER = com.nugroho.iquranTests;
				PRODUCT_NAME = "$(TARGET_NAME)";
				SWIFT_EMIT_LOC_STRINGS = NO;
				SWIFT_VERSION = 5.0;
				TARGETED_DEVICE_FAMILY = "1,2";
				TEST_HOST = "$(BUILT_PRODUCTS_DIR)/iquran.app/$(BUNDLE_EXECUTABLE_FOLDER_PATH)/iquran";
			};
			name = Release;
		};
		4EC7A4202B9CC30400109571 /* Debug */ = {
			isa = XCBuildConfiguration;
			baseConfigurationReference = 67D82BF2DB16908850E777BE /* Pods-iquran-iquranUITests.debug.xcconfig */;
			buildSettings = {
				ALWAYS_EMBED_SWIFT_STANDARD_LIBRARIES = YES;
				CODE_SIGN_STYLE = Automatic;
				CURRENT_PROJECT_VERSION = 1;
				DEVELOPMENT_TEAM = 276H2F73WL;
				GENERATE_INFOPLIST_FILE = YES;
				MARKETING_VERSION = 1.0;
				PRODUCT_BUNDLE_IDENTIFIER = com.nugroho.iquranUITests;
				PRODUCT_NAME = "$(TARGET_NAME)";
				SWIFT_EMIT_LOC_STRINGS = NO;
				SWIFT_VERSION = 5.0;
				TARGETED_DEVICE_FAMILY = "1,2";
				TEST_TARGET_NAME = iquran;
			};
			name = Debug;
		};
		4EC7A4212B9CC30400109571 /* Release */ = {
			isa = XCBuildConfiguration;
			baseConfigurationReference = 11317F68C13348ACB67ECCFD /* Pods-iquran-iquranUITests.release.xcconfig */;
			buildSettings = {
				ALWAYS_EMBED_SWIFT_STANDARD_LIBRARIES = YES;
				CODE_SIGN_STYLE = Automatic;
				CURRENT_PROJECT_VERSION = 1;
				DEVELOPMENT_TEAM = 276H2F73WL;
				GENERATE_INFOPLIST_FILE = YES;
				MARKETING_VERSION = 1.0;
				PRODUCT_BUNDLE_IDENTIFIER = com.nugroho.iquranUITests;
				PRODUCT_NAME = "$(TARGET_NAME)";
				SWIFT_EMIT_LOC_STRINGS = NO;
				SWIFT_VERSION = 5.0;
				TARGETED_DEVICE_FAMILY = "1,2";
				TEST_TARGET_NAME = iquran;
			};
			name = Release;
		};
/* End XCBuildConfiguration section */

/* Begin XCConfigurationList section */
		4EC7A3EA2B9CC30200109571 /* Build configuration list for PBXProject "iquran" */ = {
			isa = XCConfigurationList;
			buildConfigurations = (
				4EC7A4172B9CC30400109571 /* Debug */,
				4EC7A4182B9CC30400109571 /* Release */,
			);
			defaultConfigurationIsVisible = 0;
			defaultConfigurationName = Release;
		};
		4EC7A4192B9CC30400109571 /* Build configuration list for PBXNativeTarget "iquran" */ = {
			isa = XCConfigurationList;
			buildConfigurations = (
				4EC7A41A2B9CC30400109571 /* Debug */,
				4EC7A41B2B9CC30400109571 /* Release */,
			);
			defaultConfigurationIsVisible = 0;
			defaultConfigurationName = Release;
		};
		4EC7A41C2B9CC30400109571 /* Build configuration list for PBXNativeTarget "iquranTests" */ = {
			isa = XCConfigurationList;
			buildConfigurations = (
				4EC7A41D2B9CC30400109571 /* Debug */,
				4EC7A41E2B9CC30400109571 /* Release */,
			);
			defaultConfigurationIsVisible = 0;
			defaultConfigurationName = Release;
		};
		4EC7A41F2B9CC30400109571 /* Build configuration list for PBXNativeTarget "iquranUITests" */ = {
			isa = XCConfigurationList;
			buildConfigurations = (
				4EC7A4202B9CC30400109571 /* Debug */,
				4EC7A4212B9CC30400109571 /* Release */,
			);
			defaultConfigurationIsVisible = 0;
			defaultConfigurationName = Release;
		};
/* End XCConfigurationList section */
	};
	rootObject = 4EC7A3E72B9CC30200109571 /* Project object */;
}
